
Microsoft Visual Studio Solution File, Format Version 12.00
# Visual Studio 15
VisualStudioVersion = 15.0.28307.902
MinimumVisualStudioVersion = 10.0.40219.1
Project("{FAE04EC0-301F-11D3-BF4B-00C04F79EFBC}") = "eLearn_API", "eLearn_API\eLearn_API.csproj", "{B3E49109-7BCE-4194-B385-98494B5D7CFE}"
EndProject
Project("{2150E333-8FDC-42A3-9474-1A3956D46DE8}") = "SOl", "SOl", "{F57C8D84-FBA8-44BA-AC87-4F6A16BF360E}"
EndProject
Project("{FAE04EC0-301F-11D3-BF4B-00C04F79EFBC}") = "eLearn.Entities", "eLearn.Entities\eLearn.Entities.csproj", "{437F5548-855A-4056-AB59-D2FDBEF105E2}"
EndProject
Project("{FAE04EC0-301F-11D3-BF4B-00C04F79EFBC}") = "eLearn.API.Service", "eLearn.API.Service\eLearn.API.Service.csproj", "{CEBF90C9-927F-4E00-8DC0-B078275E9CB7}"
EndProject
Project("{FAE04EC0-301F-11D3-BF4B-00C04F79EFBC}") = "eLearn.Model", "eLearn.Model\eLearn.Model.csproj", "{D001159B-FE76-476E-A780-EFAFEB969F25}"
EndProject
Project("{FAE04EC0-301F-11D3-BF4B-00C04F79EFBC}") = "eLearnDataAccess", "eLearnDataAccess\eLearnDataAccess.csproj", "{AE3550E6-8F1B-43F7-8037-DBC4ACD45471}"
EndProject
Global
	GlobalSection(SolutionConfigurationPlatforms) = preSolution
		Debug|Any CPU = Debug|Any CPU
		Release|Any CPU = Release|Any CPU
	EndGlobalSection
	GlobalSection(ProjectConfigurationPlatforms) = postSolution
		{B3E49109-7BCE-4194-B385-98494B5D7CFE}.Debug|Any CPU.ActiveCfg = Debug|Any CPU
		{B3E49109-7BCE-4194-B385-98494B5D7CFE}.Debug|Any CPU.Build.0 = Debug|Any CPU
		{B3E49109-7BCE-4194-B385-98494B5D7CFE}.Release|Any CPU.ActiveCfg = Release|Any CPU
		{B3E49109-7BCE-4194-B385-98494B5D7CFE}.Release|Any CPU.Build.0 = Release|Any CPU
		{437F5548-855A-4056-AB59-D2FDBEF105E2}.Debug|Any CPU.ActiveCfg = Debug|Any CPU
		{437F5548-855A-4056-AB59-D2FDBEF105E2}.Debug|Any CPU.Build.0 = Debug|Any CPU
		{437F5548-855A-4056-AB59-D2FDBEF105E2}.Release|Any CPU.ActiveCfg = Release|Any CPU
		{437F5548-855A-4056-AB59-D2FDBEF105E2}.Release|Any CPU.Build.0 = Release|Any CPU
		{CEBF90C9-927F-4E00-8DC0-B078275E9CB7}.Debug|Any CPU.ActiveCfg = Debug|Any CPU
		{CEBF90C9-927F-4E00-8DC0-B078275E9CB7}.Debug|Any CPU.Build.0 = Debug|Any CPU
		{CEBF90C9-927F-4E00-8DC0-B078275E9CB7}.Release|Any CPU.ActiveCfg = Release|Any CPU
		{CEBF90C9-927F-4E00-8DC0-B078275E9CB7}.Release|Any CPU.Build.0 = Release|Any CPU
		{D001159B-FE76-476E-A780-EFAFEB969F25}.Debug|Any CPU.ActiveCfg = Debug|Any CPU
		{D001159B-FE76-476E-A780-EFAFEB969F25}.Debug|Any CPU.Build.0 = Debug|Any CPU
		{D001159B-FE76-476E-A780-EFAFEB969F25}.Release|Any CPU.ActiveCfg = Release|Any CPU
		{D001159B-FE76-476E-A780-EFAFEB969F25}.Release|Any CPU.Build.0 = Release|Any CPU
		{AE3550E6-8F1B-43F7-8037-DBC4ACD45471}.Debug|Any CPU.ActiveCfg = Debug|Any CPU
		{AE3550E6-8F1B-43F7-8037-DBC4ACD45471}.Debug|Any CPU.Build.0 = Debug|Any CPU
		{AE3550E6-8F1B-43F7-8037-DBC4ACD45471}.Release|Any CPU.ActiveCfg = Release|Any CPU
		{AE3550E6-8F1B-43F7-8037-DBC4ACD45471}.Release|Any CPU.Build.0 = Release|Any CPU
	EndGlobalSection
	GlobalSection(SolutionProperties) = preSolution
		HideSolutionNode = FALSE
	EndGlobalSection
	GlobalSection(NestedProjects) = preSolution
		{437F5548-855A-4056-AB59-D2FDBEF105E2} = {F57C8D84-FBA8-44BA-AC87-4F6A16BF360E}
		{CEBF90C9-927F-4E00-8DC0-B078275E9CB7} = {F57C8D84-FBA8-44BA-AC87-4F6A16BF360E}
		{D001159B-FE76-476E-A780-EFAFEB969F25} = {F57C8D84-FBA8-44BA-AC87-4F6A16BF360E}
	EndGlobalSection
	GlobalSection(ExtensibilityGlobals) = postSolution
		SolutionGuid = {7C55272E-09E7-47C4-B897-38A276432036}
	EndGlobalSection
EndGlobal
